
Microsoft Visual Studio Solution File, Format Version 12.00
# Visual Studio Version 16
VisualStudioVersion = 16.0.31005.135
MinimumVisualStudioVersion = 10.0.40219.1
Project("{FAE04EC0-301F-11D3-BF4B-00C04F79EFBC}") = "Currency Converter", "Currency Converter\Currency Converter.csproj", "{C6D91A2C-B823-4B6E-B919-5E0C7D727C7D}"
EndProject
Project("{FAE04EC0-301F-11D3-BF4B-00C04F79EFBC}") = "Sheldurer", "Sheldurer\Sheldurer.csproj", "{37A7B2F1-BC0B-44D7-A57D-23AEDCBF9509}"
EndProject
Global
	GlobalSection(SolutionConfigurationPlatforms) = preSolution
		Debug|Any CPU = Debug|Any CPU
		Release|Any CPU = Release|Any CPU
	EndGlobalSection
	GlobalSection(ProjectConfigurationPlatforms) = postSolution
		{C6D91A2C-B823-4B6E-B919-5E0C7D727C7D}.Debug|Any CPU.ActiveCfg = Debug|Any CPU
		{C6D91A2C-B823-4B6E-B919-5E0C7D727C7D}.Debug|Any CPU.Build.0 = Debug|Any CPU
		{C6D91A2C-B823-4B6E-B919-5E0C7D727C7D}.Release|Any CPU.ActiveCfg = Release|Any CPU
		{C6D91A2C-B823-4B6E-B919-5E0C7D727C7D}.Release|Any CPU.Build.0 = Release|Any CPU
		{37A7B2F1-BC0B-44D7-A57D-23AEDCBF9509}.Debug|Any CPU.ActiveCfg = Debug|Any CPU
		{37A7B2F1-BC0B-44D7-A57D-23AEDCBF9509}.Debug|Any CPU.Build.0 = Debug|Any CPU
		{37A7B2F1-BC0B-44D7-A57D-23AEDCBF9509}.Release|Any CPU.ActiveCfg = Release|Any CPU
		{37A7B2F1-BC0B-44D7-A57D-23AEDCBF9509}.Release|Any CPU.Build.0 = Release|Any CPU
	EndGlobalSection
	GlobalSection(SolutionProperties) = preSolution
		HideSolutionNode = FALSE
	EndGlobalSection
	GlobalSection(ExtensibilityGlobals) = postSolution
		SolutionGuid = {5C322586-E66E-4003-B577-1DC176554110}
	EndGlobalSection
EndGlobal
